version: 6
environments:
  default:
    channels:
    - url: https://conda.anaconda.org/conda-forge/
    options:
      pypi-prerelease-mode: if-necessary-or-explicit
    packages:
      linux-64:
      - conda: https://conda.anaconda.org/conda-forge/linux-64/_libgcc_mutex-0.1-conda_forge.tar.bz2
      - conda: https://conda.anaconda.org/conda-forge/linux-64/_openmp_mutex-4.5-2_gnu.tar.bz2
      - conda: https://conda.anaconda.org/conda-forge/linux-64/binutils_impl_linux-64-2.45-default_hfdba357_104.conda
      - conda: https://conda.anaconda.org/conda-forge/linux-64/gcc_impl_linux-64-15.2.0-h6f0f26c_15.conda
      - conda: https://conda.anaconda.org/conda-forge/noarch/kernel-headers_linux-64-4.18.0-he073ed8_8.conda
      - conda: https://conda.anaconda.org/conda-forge/linux-64/ld_impl_linux-64-2.45-default_hbd61a6d_104.conda
      - conda: https://conda.anaconda.org/conda-forge/linux-64/libgcc-15.2.0-he0feb66_15.conda
      - conda: https://conda.anaconda.org/conda-forge/noarch/libgcc-devel_linux-64-15.2.0-hcc6f6b0_115.conda
      - conda: https://conda.anaconda.org/conda-forge/linux-64/libgomp-15.2.0-he0feb66_15.conda
      - conda: https://conda.anaconda.org/conda-forge/linux-64/libsanitizer-15.2.0-h90f66d4_15.conda
      - conda: https://conda.anaconda.org/conda-forge/linux-64/libstdcxx-15.2.0-h934c35e_15.conda
      - conda: https://conda.anaconda.org/conda-forge/noarch/libstdcxx-devel_linux-64-15.2.0-hd446a21_115.conda
      - conda: https://conda.anaconda.org/conda-forge/linux-64/libzlib-1.3.1-hb9d3cd8_2.conda
      - conda: https://conda.anaconda.org/conda-forge/linux-64/rust-1.91.1-h53717f1_0.conda
      - conda: https://conda.anaconda.org/conda-forge/noarch/rust-std-x86_64-unknown-linux-gnu-1.91.1-h2c6d0dc_0.conda
      - conda: https://conda.anaconda.org/conda-forge/noarch/sysroot_linux-64-2.28-h4ee821c_8.conda
      - conda: https://conda.anaconda.org/conda-forge/noarch/tzdata-2025b-h78e105d_0.conda
      - conda: https://conda.anaconda.org/conda-forge/linux-64/zstd-1.5.7-hb78ec9c_6.conda
      osx-arm64:
      - conda: https://conda.anaconda.org/conda-forge/osx-arm64/rust-1.91.1-h4ff7c5d_0.conda
      - conda: https://conda.anaconda.org/conda-forge/noarch/rust-std-aarch64-apple-darwin-1.91.1-hf6ec828_0.conda
      win-64:
      - conda: https://conda.anaconda.org/conda-forge/win-64/rust-1.91.1-hf8d6059_0.conda
      - conda: https://conda.anaconda.org/conda-forge/noarch/rust-std-x86_64-pc-windows-msvc-1.91.1-h17fc481_0.conda
packages:
- conda: https://conda.anaconda.org/conda-forge/linux-64/_libgcc_mutex-0.1-conda_forge.tar.bz2
  sha256: fe51de6107f9edc7aa4f786a70f4a883943bc9d39b3bb7307c04c41410990726
  md5: d7c89558ba9fa0495403155b64376d81
  license: None
  size: 2562
  timestamp: 1578324546067
- conda: https://conda.anaconda.org/conda-forge/linux-64/_openmp_mutex-4.5-2_gnu.tar.bz2
  build_number: 16
  sha256: fbe2c5e56a653bebb982eda4876a9178aedfc2b545f25d0ce9c4c0b508253d22
  md5: 73aaf86a425cc6e73fcf236a5a46396d
  depends:
  - _libgcc_mutex 0.1 conda_forge
  - libgomp >=7.5.0
  constrains:
  - openmp_impl 9999
  license: BSD-3-Clause
  license_family: BSD
  size: 23621
  timestamp: 1650670423406
- conda: https://conda.anaconda.org/conda-forge/linux-64/binutils_impl_linux-64-2.45-default_hfdba357_104.conda
  sha256: 054a77ccab631071a803737ea8e5d04b5b18e57db5b0826a04495bd3fdf39a7c
  md5: a7a67bf132a4a2dea92a7cb498cdc5b1
  depends:
  - ld_impl_linux-64 2.45 default_hbd61a6d_104
  - sysroot_linux-64
  - zstd >=1.5.7,<1.6.0a0
  license: GPL-3.0-only
  license_family: GPL
  size: 3747046
  timestamp: 1764007847963
- conda: https://conda.anaconda.org/conda-forge/linux-64/gcc_impl_linux-64-15.2.0-h6f0f26c_15.conda
  sha256: 87029846842d3f0fe86e5669b29552505cb2aefefb3a64686ba5a2ce91a0fdbb
  md5: 712c541d67d6b35f0c2e26f71d9d928b
  depends:
  - binutils_impl_linux-64 >=2.45
  - libgcc >=15.2.0
  - libgcc-devel_linux-64 15.2.0 hcc6f6b0_115
  - libgomp >=15.2.0
  - libsanitizer 15.2.0 h90f66d4_15
  - libstdcxx >=15.2.0
  - libstdcxx-devel_linux-64 15.2.0 hd446a21_115
  - sysroot_linux-64
  license: GPL-3.0-only WITH GCC-exception-3.1
  size: 80267777
  timestamp: 1764836281053
- conda: https://conda.anaconda.org/conda-forge/noarch/kernel-headers_linux-64-4.18.0-he073ed8_8.conda
  sha256: 305c22a251db227679343fd73bfde121e555d466af86e537847f4c8b9436be0d
  md5: ff007ab0f0fdc53d245972bba8a6d40c
  constrains:
  - sysroot_linux-64 ==2.28
  license: LGPL-2.0-or-later AND LGPL-2.0-or-later WITH exceptions AND GPL-2.0-or-later
  license_family: GPL
  size: 1272697
  timestamp: 1752669126073
- conda: https://conda.anaconda.org/conda-forge/linux-64/ld_impl_linux-64-2.45-default_hbd61a6d_104.conda
  sha256: 9e191baf2426a19507f1d0a17be0fdb7aa155cdf0f61d5a09c808e0a69464312
  md5: a6abd2796fc332536735f68ba23f7901
  depends:
  - __glibc >=2.17,<3.0.a0
  - zstd >=1.5.7,<1.6.0a0
  constrains:
  - binutils_impl_linux-64 2.45
  license: GPL-3.0-only
  license_family: GPL
  size: 725545
  timestamp: 1764007826689
- conda: https://conda.anaconda.org/conda-forge/linux-64/libgcc-15.2.0-he0feb66_15.conda
  sha256: 37f2edde2f8281672987c63f13c85a57d04d889dc929ce38204426d5eb2059cc
  md5: a5d86b0496174a412d531eac03af9174
  depends:
  - __glibc >=2.17,<3.0.a0
  - _openmp_mutex >=4.5
  constrains:
  - libgomp 15.2.0 he0feb66_15
  - libgcc-ng ==15.2.0=*_15
  license: GPL-3.0-only WITH GCC-exception-3.1
  size: 1041379
  timestamp: 1764836112865
- conda: https://conda.anaconda.org/conda-forge/noarch/libgcc-devel_linux-64-15.2.0-hcc6f6b0_115.conda
  sha256: 5d745bceacc32f2cceb5a00c3733502e9b9a943f34c79effae74e51f11110af3
  md5: 13802d22ebf626c2abefd1086bfab3af
  depends:
  - __unix
  license: GPL-3.0-only WITH GCC-exception-3.1
  size: 3093602
  timestamp: 1764835990656
- conda: https://conda.anaconda.org/conda-forge/linux-64/libgomp-15.2.0-he0feb66_15.conda
  sha256: b3c4e39be7aba6f5a8695d428362c5c918b96a281ce0a7037f1e889dfc340615
  md5: a90d6983da0757f4c09bb8fcfaf34e71
  depends:
  - __glibc >=2.17,<3.0.a0
  license: GPL-3.0-only WITH GCC-exception-3.1
  size: 602978
  timestamp: 1764836011147
- conda: https://conda.anaconda.org/conda-forge/linux-64/libsanitizer-15.2.0-h90f66d4_15.conda
  sha256: c2983dcbc3027577576036d194005c206d75678e517518ce8b1723d1580fc4b8
  md5: 7efd5ce42f47ac326b82f00a2f08122b
  depends:
  - __glibc >=2.17,<3.0.a0
  - libgcc >=15.2.0
  - libstdcxx >=15.2.0
  license: GPL-3.0-only WITH GCC-exception-3.1
  size: 8110984
  timestamp: 1764836195265
- conda: https://conda.anaconda.org/conda-forge/linux-64/libstdcxx-15.2.0-h934c35e_15.conda
  sha256: 2648485aa2dcd5ca385423841a728f262458aec5d814a79da5ab75098e223e3f
  md5: fccfb26375ec5e4a2192dee6604b6d02
  depends:
  - __glibc >=2.17,<3.0.a0
  - libgcc 15.2.0 he0feb66_15
  constrains:
  - libstdcxx-ng ==15.2.0=*_15
  license: GPL-3.0-only WITH GCC-exception-3.1
  size: 5856371
  timestamp: 1764836166363
- conda: https://conda.anaconda.org/conda-forge/noarch/libstdcxx-devel_linux-64-15.2.0-hd446a21_115.conda
  sha256: 331bd7e6b5325012952d7f2a06a2ed13d1ab8542379f475cbd2d859145913043
  md5: ac04f47818b35762508a80665b506f2e
  depends:
  - __unix
  license: GPL-3.0-only WITH GCC-exception-3.1
  size: 19828299
  timestamp: 1764836039075
- conda: https://conda.anaconda.org/conda-forge/linux-64/libzlib-1.3.1-hb9d3cd8_2.conda
  sha256: d4bfe88d7cb447768e31650f06257995601f89076080e76df55e3112d4e47dc4
  md5: edb0dca6bc32e4f4789199455a1dbeb8
  depends:
  - __glibc >=2.17,<3.0.a0
  - libgcc >=13
  constrains:
  - zlib 1.3.1 *_2
  license: Zlib
  license_family: Other
  size: 60963
  timestamp: 1727963148474
- conda: https://conda.anaconda.org/conda-forge/linux-64/rust-1.91.1-h53717f1_0.conda
  sha256: fb5d544cac6a15ddbc7c47fddc812407713fd220f64716928f0ccf13c8655de4
  md5: 5a2d92eacdea9d7ffb895c3fd9c761e6
  depends:
  - __glibc >=2.17,<3.0.a0
  - gcc_impl_linux-64
  - libgcc >=14
  - libzlib >=1.3.1,<2.0a0
  - rust-std-x86_64-unknown-linux-gnu 1.91.1 h2c6d0dc_0
  - sysroot_linux-64 >=2.17
  license: MIT
  license_family: MIT
  size: 232940165
  timestamp: 1762816703243
- conda: https://conda.anaconda.org/conda-forge/osx-arm64/rust-1.91.1-h4ff7c5d_0.conda
  sha256: 7a6bb008bd61465de2da9a4bbe8b6698d457a134e6c91470a2b90f9fc030cadf
  md5: e7f3b1b4506cd0583e1e51de8fe608b8
  depends:
  - rust-std-aarch64-apple-darwin 1.91.1 hf6ec828_0
  license: MIT
  license_family: MIT
  size: 238675951
  timestamp: 1762816232623
- conda: https://conda.anaconda.org/conda-forge/win-64/rust-1.91.1-hf8d6059_0.conda
  sha256: 8d534ac516635aa5e60d92b662cbb8a46e8538b7c59ac19cfb4bc67fdfba695d
  md5: 07784b15b3aba5e4b95e708ab64017e5
  depends:
  - rust-std-x86_64-pc-windows-msvc 1.91.1 h17fc481_0
  license: MIT
  license_family: MIT
  size: 259744374
  timestamp: 1762819880969
- conda: https://conda.anaconda.org/conda-forge/noarch/rust-std-aarch64-apple-darwin-1.91.1-hf6ec828_0.conda
  sha256: cd35a86d53451c6a102bfbfd8b7eced335c37b9596bc451415f427ff0a7791ff
  md5: 396bd913af8c7e7065341469c0c96f89
  depends:
  - __unix
  constrains:
  - rust >=1.91.1,<1.91.2.0a0
  license: MIT
  license_family: MIT
  size: 34408074
  timestamp: 1762815828095
- conda: https://conda.anaconda.org/conda-forge/noarch/rust-std-x86_64-pc-windows-msvc-1.91.1-h17fc481_0.conda
  sha256: 3fc00c7ba97f2aabc67e2200214a0b88cb3f9b2535d9aaf2a9b81fa9b9039bb5
  md5: e74453fdcdf8bb71a58bfd3659c88d5a
  depends:
  - __win
  constrains:
  - rust >=1.91.1,<1.91.2.0a0
  license: MIT
  license_family: MIT
  size: 28706731
  timestamp: 1762819454173
- conda: https://conda.anaconda.org/conda-forge/noarch/rust-std-x86_64-unknown-linux-gnu-1.91.1-h2c6d0dc_0.conda
  sha256: 21925ee23f5a7522a191a67f640a765ff67c4f028db95d6f41634e22449cd4af
  md5: 2a3345e21b15b8659310e01e9c6eda60
  depends:
  - __unix
  constrains:
  - rust >=1.91.1,<1.91.2.0a0
  license: MIT
  license_family: MIT
  size: 38139898
  timestamp: 1762816495933
- conda: https://conda.anaconda.org/conda-forge/noarch/sysroot_linux-64-2.28-h4ee821c_8.conda
  sha256: 0053c17ffbd9f8af1a7f864995d70121c292e317804120be4667f37c92805426
  md5: 1bad93f0aa428d618875ef3a588a889e
  depends:
  - __glibc >=2.28
  - kernel-headers_linux-64 4.18.0 he073ed8_8
  - tzdata
  license: LGPL-2.0-or-later AND LGPL-2.0-or-later WITH exceptions AND GPL-2.0-or-later
  license_family: GPL
  size: 24210909
  timestamp: 1752669140965
- conda: https://conda.anaconda.org/conda-forge/noarch/tzdata-2025b-h78e105d_0.conda
  sha256: 5aaa366385d716557e365f0a4e9c3fca43ba196872abbbe3d56bb610d131e192
  md5: 4222072737ccff51314b5ece9c7d6f5a
  license: LicenseRef-Public-Domain
  size: 122968
  timestamp: 1742727099393
- conda: https://conda.anaconda.org/conda-forge/linux-64/zstd-1.5.7-hb78ec9c_6.conda
  sha256: 68f0206ca6e98fea941e5717cec780ed2873ffabc0e1ed34428c061e2c6268c7
  md5: 4a13eeac0b5c8e5b8ab496e6c4ddd829
  depends:
  - __glibc >=2.17,<3.0.a0
  - libzlib >=1.3.1,<2.0a0
  license: BSD-3-Clause
  size: 601375
  timestamp: 1764777111296
